
Microsoft Visual Studio Solution File, Format Version 12.00
# Visual Studio 2012
Project("{FAE04EC0-301F-11D3-BF4B-00C04F79EFBC}") = "QuestionsAndAnswers", "QuestionsAndAnswers\QuestionsAndAnswers.csproj", "{04C004FD-0301-4436-92EF-03C3F4F3713C}"
EndProject
Global
	GlobalSection(TeamFoundationVersionControl) = preSolution
		SccNumberOfProjects = 2
		SccEnterpriseProvider = {4CA58AB2-18FA-4F8D-95D4-32DDF27D184C}
		SccTeamFoundationServer = https://sofwebapp.visualstudio.com/defaultcollection
		SccLocalPath0 = .
		SccProjectUniqueName1 = QuestionsAndAnswers\\QuestionsAndAnswers.csproj
		SccProjectName1 = QuestionsAndAnswers
		SccLocalPath1 = QuestionsAndAnswers
	EndGlobalSection
	GlobalSection(SolutionConfigurationPlatforms) = preSolution
		Debug|Any CPU = Debug|Any CPU
		Release|Any CPU = Release|Any CPU
	EndGlobalSection
	GlobalSection(ProjectConfigurationPlatforms) = postSolution
		{04C004FD-0301-4436-92EF-03C3F4F3713C}.Debug|Any CPU.ActiveCfg = Debug|Any CPU
		{04C004FD-0301-4436-92EF-03C3F4F3713C}.Debug|Any CPU.Build.0 = Debug|Any CPU
		{04C004FD-0301-4436-92EF-03C3F4F3713C}.Release|Any CPU.ActiveCfg = Release|Any CPU
		{04C004FD-0301-4436-92EF-03C3F4F3713C}.Release|Any CPU.Build.0 = Release|Any CPU
	EndGlobalSection
	GlobalSection(SolutionProperties) = preSolution
		HideSolutionNode = FALSE
	EndGlobalSection
EndGlobal
